<?xml version="1.0" encoding="utf-8"?>
<Project ToolsVersion="4.0" xmlns="http://schemas.microsoft.com/developer/msbuild/2003">
  <ItemGroup>
    <Filter Include="源文件">
      <UniqueIdentifier>{4FC737F1-C7A5-4376-A066-2A32D752A2FF}</UniqueIdentifier>
      <Extensions>cpp;c;cc;cxx;c++;cppm;ixx;def;odl;idl;hpj;bat;asm;asmx</Extensions>
    </Filter>
    <Filter Include="头文件">
      <UniqueIdentifier>{93995380-89BD-4b04-88EB-625FBE52EBFB}</UniqueIdentifier>
      <Extensions>h;hh;hpp;hxx;h++;hm;inl;inc;ipp;xsd</Extensions>
    </Filter>
    <Filter Include="资源文件">
      <UniqueIdentifier>{67DA6AB6-F800-4c08-8B7A-83BB121AAD01}</UniqueIdentifier>
      <Extensions>rc;ico;cur;bmp;dlg;rc2;rct;bin;rgs;gif;jpg;jpeg;jpe;resx;tiff;tif;png;wav;mfcribbon-ms</Extensions>
    </Filter>
    <Filter Include="json">
      <UniqueIdentifier>{d247e616-d1af-497b-83ed-09236df15de2}</UniqueIdentifier>
    </Filter>
    <Filter Include="Text">
      <UniqueIdentifier>{6e7fab79-2b6f-4f21-ae6f-b99c9277727f}</UniqueIdentifier>
    </Filter>
    <Filter Include="fmt">
      <UniqueIdentifier>{1f3af44a-eb07-46de-8b4a-6ec237f2e484}</UniqueIdentifier>
    </Filter>
    <Filter Include="ImGui">
      <UniqueIdentifier>{7835e1fc-1eed-4093-9aa8-904e7ecd6ed5}</UniqueIdentifier>
    </Filter>
    <Filter Include="ImNodes">
      <UniqueIdentifier>{fef315a1-234c-481e-a4d0-816cf7fd11df}</UniqueIdentifier>
    </Filter>
    <Filter Include="ImPlot">
      <UniqueIdentifier>{46127b29-980c-469f-bb47-42de6d169968}</UniqueIdentifier>
    </Filter>
    <Filter Include="magic_enum">
      <UniqueIdentifier>{9ef8f9b1-f9f9-472e-bcbc-be8e124c26ae}</UniqueIdentifier>
    </Filter>
    <Filter Include="simpleini">
      <UniqueIdentifier>{80e3cd03-7651-4315-9616-512521138158}</UniqueIdentifier>
    </Filter>
    <Filter Include="stb">
      <UniqueIdentifier>{3fbfc954-27f0-4a89-9d90-bf1d5fdda7eb}</UniqueIdentifier>
    </Filter>
    <Filter Include="Draw">
      <UniqueIdentifier>{647e9f88-8818-4143-bb42-2b25520f0c6f}</UniqueIdentifier>
    </Filter>
  </ItemGroup>
  <ItemGroup>
    <ClCompile Include="SDK.cpp">
      <Filter>源文件</Filter>
    </ClCompile>
    <ClCompile Include="Text\Text.cpp">
      <Filter>Text</Filter>
    </ClCompile>
    <ClCompile Include="fmt\format.cc">
      <Filter>fmt</Filter>
    </ClCompile>
    <ClCompile Include="fmt\os.cc">
      <Filter>fmt</Filter>
    </ClCompile>
    <ClCompile Include="ImGui\Font.cpp">
      <Filter>ImGui</Filter>
    </ClCompile>
    <ClCompile Include="ImGui\imgui.cpp">
      <Filter>ImGui</Filter>
    </ClCompile>
    <ClCompile Include="ImGui\imgui_demo.cpp">
      <Filter>ImGui</Filter>
    </ClCompile>
    <ClCompile Include="ImGui\imgui_draw.cpp">
      <Filter>ImGui</Filter>
    </ClCompile>
    <ClCompile Include="ImGui\imgui_impl_dx11.cpp">
      <Filter>ImGui</Filter>
    </ClCompile>
    <ClCompile Include="ImGui\imgui_impl_win32.cpp">
      <Filter>ImGui</Filter>
    </ClCompile>
    <ClCompile Include="ImGui\imgui_stdlib.cpp">
      <Filter>ImGui</Filter>
    </ClCompile>
    <ClCompile Include="ImGui\imgui_tables.cpp">
      <Filter>ImGui</Filter>
    </ClCompile>
    <ClCompile Include="ImGui\imgui_widgets.cpp">
      <Filter>ImGui</Filter>
    </ClCompile>
    <ClCompile Include="ImNodes\imnodes.cpp">
      <Filter>ImNodes</Filter>
    </ClCompile>
    <ClCompile Include="ImPlot\implot.cpp">
      <Filter>ImPlot</Filter>
    </ClCompile>
    <ClCompile Include="ImPlot\implot_demo.cpp">
      <Filter>ImPlot</Filter>
    </ClCompile>
    <ClCompile Include="ImPlot\implot_items.cpp">
      <Filter>ImPlot</Filter>
    </ClCompile>
    <ClCompile Include="stb\stb_vorbis.c">
      <Filter>stb</Filter>
    </ClCompile>
    <ClCompile Include="simpleini\ConvertUTF.c">
      <Filter>simpleini</Filter>
    </ClCompile>
    <ClCompile Include="Draw\ImGuiDx11Draw.cpp">
      <Filter>Draw</Filter>
    </ClCompile>
    <ClCompile Include="Draw\ImGuiEX.cpp">
      <Filter>Draw</Filter>
    </ClCompile>
  </ItemGroup>
  <ItemGroup>
    <ClInclude Include="SDK.hpp">
      <Filter>头文件</Filter>
    </ClInclude>
    <ClInclude Include="Data_type.hpp">
      <Filter>头文件</Filter>
    </ClInclude>
    <ClInclude Include="json\json.hpp">
      <Filter>json</Filter>
    </ClInclude>
    <ClInclude Include="json\json_fwd.hpp">
      <Filter>json</Filter>
    </ClInclude>
    <ClInclude Include="Text\Text.hpp">
      <Filter>Text</Filter>
    </ClInclude>
    <ClInclude Include="fmt\args.h">
      <Filter>fmt</Filter>
    </ClInclude>
    <ClInclude Include="fmt\chrono.h">
      <Filter>fmt</Filter>
    </ClInclude>
    <ClInclude Include="fmt\color.h">
      <Filter>fmt</Filter>
    </ClInclude>
    <ClInclude Include="fmt\compile.h">
      <Filter>fmt</Filter>
    </ClInclude>
    <ClInclude Include="fmt\core.h">
      <Filter>fmt</Filter>
    </ClInclude>
    <ClInclude Include="fmt\format.h">
      <Filter>fmt</Filter>
    </ClInclude>
    <ClInclude Include="fmt\format-inl.h">
      <Filter>fmt</Filter>
    </ClInclude>
    <ClInclude Include="fmt\os.h">
      <Filter>fmt</Filter>
    </ClInclude>
    <ClInclude Include="fmt\ostream.h">
      <Filter>fmt</Filter>
    </ClInclude>
    <ClInclude Include="fmt\printf.h">
      <Filter>fmt</Filter>
    </ClInclude>
    <ClInclude Include="fmt\ranges.h">
      <Filter>fmt</Filter>
    </ClInclude>
    <ClInclude Include="fmt\std.h">
      <Filter>fmt</Filter>
    </ClInclude>
    <ClInclude Include="fmt\xchar.h">
      <Filter>fmt</Filter>
    </ClInclude>
    <ClInclude Include="ImGui\Font.h">
      <Filter>ImGui</Filter>
    </ClInclude>
    <ClInclude Include="ImGui\imconfig.h">
      <Filter>ImGui</Filter>
    </ClInclude>
    <ClInclude Include="ImGui\imgui.h">
      <Filter>ImGui</Filter>
    </ClInclude>
    <ClInclude Include="ImGui\imgui_impl_dx11.h">
      <Filter>ImGui</Filter>
    </ClInclude>
    <ClInclude Include="ImGui\imgui_impl_win32.h">
      <Filter>ImGui</Filter>
    </ClInclude>
    <ClInclude Include="ImGui\imgui_internal.h">
      <Filter>ImGui</Filter>
    </ClInclude>
    <ClInclude Include="ImGui\imgui_stdlib.h">
      <Filter>ImGui</Filter>
    </ClInclude>
    <ClInclude Include="ImGui\imstb_rectpack.h">
      <Filter>ImGui</Filter>
    </ClInclude>
    <ClInclude Include="ImGui\imstb_textedit.h">
      <Filter>ImGui</Filter>
    </ClInclude>
    <ClInclude Include="ImGui\imstb_truetype.h">
      <Filter>ImGui</Filter>
    </ClInclude>
    <ClInclude Include="ImNodes\imnodes.h">
      <Filter>ImNodes</Filter>
    </ClInclude>
    <ClInclude Include="ImNodes\imnodes_internal.h">
      <Filter>ImNodes</Filter>
    </ClInclude>
    <ClInclude Include="ImPlot\implot.h">
      <Filter>ImPlot</Filter>
    </ClInclude>
    <ClInclude Include="ImPlot\implot_internal.h">
      <Filter>ImPlot</Filter>
    </ClInclude>
    <ClInclude Include="magic_enum\magic_enum.hpp">
      <Filter>magic_enum</Filter>
    </ClInclude>
    <ClInclude Include="magic_enum\magic_enum_containers.hpp">
      <Filter>magic_enum</Filter>
    </ClInclude>
    <ClInclude Include="magic_enum\magic_enum_format.hpp">
      <Filter>magic_enum</Filter>
    </ClInclude>
    <ClInclude Include="magic_enum\magic_enum_fuse.hpp">
      <Filter>magic_enum</Filter>
    </ClInclude>
    <ClInclude Include="magic_enum\magic_enum_switch.hpp">
      <Filter>magic_enum</Filter>
    </ClInclude>
    <ClInclude Include="stb\stb_c_lexer.h">
      <Filter>stb</Filter>
    </ClInclude>
    <ClInclude Include="stb\stb_connected_components.h">
      <Filter>stb</Filter>
    </ClInclude>
    <ClInclude Include="stb\stb_divide.h">
      <Filter>stb</Filter>
    </ClInclude>
    <ClInclude Include="stb\stb_ds.h">
      <Filter>stb</Filter>
    </ClInclude>
    <ClInclude Include="stb\stb_dxt.h">
      <Filter>stb</Filter>
    </ClInclude>
    <ClInclude Include="stb\stb_easy_font.h">
      <Filter>stb</Filter>
    </ClInclude>
    <ClInclude Include="stb\stb_herringbone_wang_tile.h">
      <Filter>stb</Filter>
    </ClInclude>
    <ClInclude Include="stb\stb_hexwave.h">
      <Filter>stb</Filter>
    </ClInclude>
    <ClInclude Include="stb\stb_image.h">
      <Filter>stb</Filter>
    </ClInclude>
    <ClInclude Include="stb\stb_image_resize.h">
      <Filter>stb</Filter>
    </ClInclude>
    <ClInclude Include="stb\stb_image_write.h">
      <Filter>stb</Filter>
    </ClInclude>
    <ClInclude Include="stb\stb_include.h">
      <Filter>stb</Filter>
    </ClInclude>
    <ClInclude Include="stb\stb_leakcheck.h">
      <Filter>stb</Filter>
    </ClInclude>
    <ClInclude Include="stb\stb_perlin.h">
      <Filter>stb</Filter>
    </ClInclude>
    <ClInclude Include="stb\stb_rect_pack.h">
      <Filter>stb</Filter>
    </ClInclude>
    <ClInclude Include="stb\stb_sprintf.h">
      <Filter>stb</Filter>
    </ClInclude>
    <ClInclude Include="stb\stb_textedit.h">
      <Filter>stb</Filter>
    </ClInclude>
    <ClInclude Include="stb\stb_tilemap_editor.h">
      <Filter>stb</Filter>
    </ClInclude>
    <ClInclude Include="stb\stb_truetype.h">
      <Filter>stb</Filter>
    </ClInclude>
    <ClInclude Include="stb\stb_voxel_render.h">
      <Filter>stb</Filter>
    </ClInclude>
    <ClInclude Include="simpleini\ConvertUTF.h">
      <Filter>simpleini</Filter>
    </ClInclude>
    <ClInclude Include="simpleini\SimpleIni.h">
      <Filter>simpleini</Filter>
    </ClInclude>
    <ClInclude Include="Draw\ImGuiDx11Draw.hpp">
      <Filter>Draw</Filter>
    </ClInclude>
    <ClInclude Include="Draw\ImGuiEX.hpp">
      <Filter>Draw</Filter>
    </ClInclude>
  </ItemGroup>
  <ItemGroup>
    <None Include="json\LICENSE.MIT">
      <Filter>json</Filter>
    </None>
    <None Include="fmt\LICENSE.rst">
      <Filter>fmt</Filter>
    </None>
    <None Include="ImNodes\LICENSE.md">
      <Filter>ImNodes</Filter>
    </None>
    <None Include="ImPlot\LICENSE">
      <Filter>ImPlot</Filter>
    </None>
    <None Include="magic_enum\LICENSE">
      <Filter>magic_enum</Filter>
    </None>
  </ItemGroup>
  <ItemGroup>
    <Text Include="ImGui\LICENSE.txt">
      <Filter>ImGui</Filter>
    </Text>
    <Text Include="simpleini\LICENCE.txt">
      <Filter>simpleini</Filter>
    </Text>
  </ItemGroup>
</Project>